# This file was autogenerated by uv via the following command:
#    uv pip compile pyproject.toml --python-version 3.12 -o requirements.lock
aiofiles==25.1.0
    # via aiogram
aiogram==3.27.0
    # via upwork-tg-bot (pyproject.toml)
aiohappyeyeballs==2.6.1
    # via aiohttp
aiohttp==3.13.5
    # via
    #   upwork-tg-bot (pyproject.toml)
    #   aiogram
aioimaplib==2.0.1
    # via upwork-tg-bot (pyproject.toml)
aiosignal==1.4.0
    # via aiohttp
aiosmtplib==5.1.0
    # via upwork-tg-bot (pyproject.toml)
annotated-types==0.7.0
    # via pydantic
asyncpg==0.31.0
    # via upwork-tg-bot (pyproject.toml)
attrs==26.1.0
    # via aiohttp
certifi==2026.4.22
    # via aiogram
frozenlist==1.8.0
    # via
    #   aiohttp
    #   aiosignal
idna==3.13
    # via yarl
magic-filter==1.0.12
    # via aiogram
msgspec==0.21.1
    # via upwork-tg-bot (pyproject.toml)
multidict==6.7.1
    # via
    #   aiohttp
    #   yarl
propcache==0.4.1
    # via
    #   aiohttp
    #   yarl
pydantic==2.12.5
    # via aiogram
pydantic-core==2.41.5
    # via pydantic
typing-extensions==4.15.0
    # via
    #   aiogram
    #   aiosignal
    #   pydantic
    #   pydantic-core
    #   typing-inspection
typing-inspection==0.4.2
    # via pydantic
uvloop==0.22.1
    # via upwork-tg-bot (pyproject.toml)
yarl==1.23.0
    # via aiohttp
